
Microsoft Visual Studio Solution File, Format Version 12.00
# Visual Studio Version 16
VisualStudioVersion = 16.0.29503.13
MinimumVisualStudioVersion = 15.0.26124.0
Project("{9A19103F-16F7-4668-BE54-9A1E7A4F7556}") = "BudgetPlanner.Web", "BudgetPlanner.Web\BudgetPlanner.Web.csproj", "{64C40612-CCCA-40A3-ABED-F4350A255749}"
EndProject
Project("{9A19103F-16F7-4668-BE54-9A1E7A4F7556}") = "BudgetPlanner.Broker", "BudgetPlanner.Broker\BudgetPlanner.Broker.csproj", "{C411221D-8194-4A4F-A9A6-0CD8D2980985}"
EndProject
Project("{9A19103F-16F7-4668-BE54-9A1E7A4F7556}") = "BudgetPlanner.Contracts", "BudgetPlanner.Contracts\BudgetPlanner.Contracts.csproj", "{459FA27D-C696-47C3-B6A0-BF20DAA108AF}"
EndProject
Project("{9A19103F-16F7-4668-BE54-9A1E7A4F7556}") = "BudgetPlanner.Data", "BudgetPlanner.Data\BudgetPlanner.Data.csproj", "{6B422960-A728-4E1C-AE25-4B23467C34D7}"
EndProject
Project("{9A19103F-16F7-4668-BE54-9A1E7A4F7556}") = "BudgetPlanner.Domains", "BudgetPlanner.Domains\BudgetPlanner.Domains.csproj", "{91F9F97D-4C96-46F7-8B90-D354F55E4A09}"
EndProject
Project("{9A19103F-16F7-4668-BE54-9A1E7A4F7556}") = "BudgetPlanner.Services", "BudgetPlanner.Services\BudgetPlanner.Services.csproj", "{F9D03BCB-9BEF-47A2-A8A9-A1D991C4DA99}"
EndProject
Project("{9A19103F-16F7-4668-BE54-9A1E7A4F7556}") = "BudgetPlanner.Shared", "BudgetPlanner.Shared\BudgetPlanner.Shared.csproj", "{786BF250-9B09-4008-99FE-CB60887057EC}"
EndProject
Project("{2150E333-8FDC-42A3-9474-1A3956D46DE8}") = "SolutionFiles", "SolutionFiles", "{55D56ADA-58DD-4386-AC5B-A27D7110BF4C}"
	ProjectSection(SolutionItems) = preProject
		Setup\Install.sql = Setup\Install.sql
	EndProjectSection
EndProject
Project("{9A19103F-16F7-4668-BE54-9A1E7A4F7556}") = "BudgetPlanner.WebApp", "BudgetPlanner.WebApp\BudgetPlanner.WebApp.csproj", "{F124B648-5F2D-418D-8C46-FC494AD6E21B}"
EndProject
Project("{FAE04EC0-301F-11D3-BF4B-00C04F79EFBC}") = "BudgetPlanner.Cms", "BudgetPlanner.Cms\BudgetPlanner.Cms.csproj", "{EDB8DB14-1E59-4F17-B56D-12CC4F0F071F}"
EndProject
Global
	GlobalSection(SolutionConfigurationPlatforms) = preSolution
		Debug|Any CPU = Debug|Any CPU
		Debug|x64 = Debug|x64
		Debug|x86 = Debug|x86
		Release|Any CPU = Release|Any CPU
		Release|x64 = Release|x64
		Release|x86 = Release|x86
	EndGlobalSection
	GlobalSection(ProjectConfigurationPlatforms) = postSolution
		{64C40612-CCCA-40A3-ABED-F4350A255749}.Debug|Any CPU.ActiveCfg = Debug|Any CPU
		{64C40612-CCCA-40A3-ABED-F4350A255749}.Debug|Any CPU.Build.0 = Debug|Any CPU
		{64C40612-CCCA-40A3-ABED-F4350A255749}.Debug|x64.ActiveCfg = Debug|Any CPU
		{64C40612-CCCA-40A3-ABED-F4350A255749}.Debug|x64.Build.0 = Debug|Any CPU
		{64C40612-CCCA-40A3-ABED-F4350A255749}.Debug|x86.ActiveCfg = Debug|Any CPU
		{64C40612-CCCA-40A3-ABED-F4350A255749}.Debug|x86.Build.0 = Debug|Any CPU
		{64C40612-CCCA-40A3-ABED-F4350A255749}.Release|Any CPU.ActiveCfg = Release|Any CPU
		{64C40612-CCCA-40A3-ABED-F4350A255749}.Release|Any CPU.Build.0 = Release|Any CPU
		{64C40612-CCCA-40A3-ABED-F4350A255749}.Release|x64.ActiveCfg = Release|Any CPU
		{64C40612-CCCA-40A3-ABED-F4350A255749}.Release|x64.Build.0 = Release|Any CPU
		{64C40612-CCCA-40A3-ABED-F4350A255749}.Release|x86.ActiveCfg = Release|Any CPU
		{64C40612-CCCA-40A3-ABED-F4350A255749}.Release|x86.Build.0 = Release|Any CPU
		{C411221D-8194-4A4F-A9A6-0CD8D2980985}.Debug|Any CPU.ActiveCfg = Debug|Any CPU
		{C411221D-8194-4A4F-A9A6-0CD8D2980985}.Debug|Any CPU.Build.0 = Debug|Any CPU
		{C411221D-8194-4A4F-A9A6-0CD8D2980985}.Debug|x64.ActiveCfg = Debug|Any CPU
		{C411221D-8194-4A4F-A9A6-0CD8D2980985}.Debug|x64.Build.0 = Debug|Any CPU
		{C411221D-8194-4A4F-A9A6-0CD8D2980985}.Debug|x86.ActiveCfg = Debug|Any CPU
		{C411221D-8194-4A4F-A9A6-0CD8D2980985}.Debug|x86.Build.0 = Debug|Any CPU
		{C411221D-8194-4A4F-A9A6-0CD8D2980985}.Release|Any CPU.ActiveCfg = Release|Any CPU
		{C411221D-8194-4A4F-A9A6-0CD8D2980985}.Release|Any CPU.Build.0 = Release|Any CPU
		{C411221D-8194-4A4F-A9A6-0CD8D2980985}.Release|x64.ActiveCfg = Release|Any CPU
		{C411221D-8194-4A4F-A9A6-0CD8D2980985}.Release|x64.Build.0 = Release|Any CPU
		{C411221D-8194-4A4F-A9A6-0CD8D2980985}.Release|x86.ActiveCfg = Release|Any CPU
		{C411221D-8194-4A4F-A9A6-0CD8D2980985}.Release|x86.Build.0 = Release|Any CPU
		{459FA27D-C696-47C3-B6A0-BF20DAA108AF}.Debug|Any CPU.ActiveCfg = Debug|Any CPU
		{459FA27D-C696-47C3-B6A0-BF20DAA108AF}.Debug|Any CPU.Build.0 = Debug|Any CPU
		{459FA27D-C696-47C3-B6A0-BF20DAA108AF}.Debug|x64.ActiveCfg = Debug|Any CPU
		{459FA27D-C696-47C3-B6A0-BF20DAA108AF}.Debug|x64.Build.0 = Debug|Any CPU
		{459FA27D-C696-47C3-B6A0-BF20DAA108AF}.Debug|x86.ActiveCfg = Debug|Any CPU
		{459FA27D-C696-47C3-B6A0-BF20DAA108AF}.Debug|x86.Build.0 = Debug|Any CPU
		{459FA27D-C696-47C3-B6A0-BF20DAA108AF}.Release|Any CPU.ActiveCfg = Release|Any CPU
		{459FA27D-C696-47C3-B6A0-BF20DAA108AF}.Release|Any CPU.Build.0 = Release|Any CPU
		{459FA27D-C696-47C3-B6A0-BF20DAA108AF}.Release|x64.ActiveCfg = Release|Any CPU
		{459FA27D-C696-47C3-B6A0-BF20DAA108AF}.Release|x64.Build.0 = Release|Any CPU
		{459FA27D-C696-47C3-B6A0-BF20DAA108AF}.Release|x86.ActiveCfg = Release|Any CPU
		{459FA27D-C696-47C3-B6A0-BF20DAA108AF}.Release|x86.Build.0 = Release|Any CPU
		{6B422960-A728-4E1C-AE25-4B23467C34D7}.Debug|Any CPU.ActiveCfg = Debug|Any CPU
		{6B422960-A728-4E1C-AE25-4B23467C34D7}.Debug|Any CPU.Build.0 = Debug|Any CPU
		{6B422960-A728-4E1C-AE25-4B23467C34D7}.Debug|x64.ActiveCfg = Debug|Any CPU
		{6B422960-A728-4E1C-AE25-4B23467C34D7}.Debug|x64.Build.0 = Debug|Any CPU
		{6B422960-A728-4E1C-AE25-4B23467C34D7}.Debug|x86.ActiveCfg = Debug|Any CPU
		{6B422960-A728-4E1C-AE25-4B23467C34D7}.Debug|x86.Build.0 = Debug|Any CPU
		{6B422960-A728-4E1C-AE25-4B23467C34D7}.Release|Any CPU.ActiveCfg = Release|Any CPU
		{6B422960-A728-4E1C-AE25-4B23467C34D7}.Release|Any CPU.Build.0 = Release|Any CPU
		{6B422960-A728-4E1C-AE25-4B23467C34D7}.Release|x64.ActiveCfg = Release|Any CPU
		{6B422960-A728-4E1C-AE25-4B23467C34D7}.Release|x64.Build.0 = Release|Any CPU
		{6B422960-A728-4E1C-AE25-4B23467C34D7}.Release|x86.ActiveCfg = Release|Any CPU
		{6B422960-A728-4E1C-AE25-4B23467C34D7}.Release|x86.Build.0 = Release|Any CPU
		{91F9F97D-4C96-46F7-8B90-D354F55E4A09}.Debug|Any CPU.ActiveCfg = Debug|Any CPU
		{91F9F97D-4C96-46F7-8B90-D354F55E4A09}.Debug|Any CPU.Build.0 = Debug|Any CPU
		{91F9F97D-4C96-46F7-8B90-D354F55E4A09}.Debug|x64.ActiveCfg = Debug|Any CPU
		{91F9F97D-4C96-46F7-8B90-D354F55E4A09}.Debug|x64.Build.0 = Debug|Any CPU
		{91F9F97D-4C96-46F7-8B90-D354F55E4A09}.Debug|x86.ActiveCfg = Debug|Any CPU
		{91F9F97D-4C96-46F7-8B90-D354F55E4A09}.Debug|x86.Build.0 = Debug|Any CPU
		{91F9F97D-4C96-46F7-8B90-D354F55E4A09}.Release|Any CPU.ActiveCfg = Release|Any CPU
		{91F9F97D-4C96-46F7-8B90-D354F55E4A09}.Release|Any CPU.Build.0 = Release|Any CPU
		{91F9F97D-4C96-46F7-8B90-D354F55E4A09}.Release|x64.ActiveCfg = Release|Any CPU
		{91F9F97D-4C96-46F7-8B90-D354F55E4A09}.Release|x64.Build.0 = Release|Any CPU
		{91F9F97D-4C96-46F7-8B90-D354F55E4A09}.Release|x86.ActiveCfg = Release|Any CPU
		{91F9F97D-4C96-46F7-8B90-D354F55E4A09}.Release|x86.Build.0 = Release|Any CPU
		{F9D03BCB-9BEF-47A2-A8A9-A1D991C4DA99}.Debug|Any CPU.ActiveCfg = Debug|Any CPU
		{F9D03BCB-9BEF-47A2-A8A9-A1D991C4DA99}.Debug|Any CPU.Build.0 = Debug|Any CPU
		{F9D03BCB-9BEF-47A2-A8A9-A1D991C4DA99}.Debug|x64.ActiveCfg = Debug|Any CPU
		{F9D03BCB-9BEF-47A2-A8A9-A1D991C4DA99}.Debug|x64.Build.0 = Debug|Any CPU
		{F9D03BCB-9BEF-47A2-A8A9-A1D991C4DA99}.Debug|x86.ActiveCfg = Debug|Any CPU
		{F9D03BCB-9BEF-47A2-A8A9-A1D991C4DA99}.Debug|x86.Build.0 = Debug|Any CPU
		{F9D03BCB-9BEF-47A2-A8A9-A1D991C4DA99}.Release|Any CPU.ActiveCfg = Release|Any CPU
		{F9D03BCB-9BEF-47A2-A8A9-A1D991C4DA99}.Release|Any CPU.Build.0 = Release|Any CPU
		{F9D03BCB-9BEF-47A2-A8A9-A1D991C4DA99}.Release|x64.ActiveCfg = Release|Any CPU
		{F9D03BCB-9BEF-47A2-A8A9-A1D991C4DA99}.Release|x64.Build.0 = Release|Any CPU
		{F9D03BCB-9BEF-47A2-A8A9-A1D991C4DA99}.Release|x86.ActiveCfg = Release|Any CPU
		{F9D03BCB-9BEF-47A2-A8A9-A1D991C4DA99}.Release|x86.Build.0 = Release|Any CPU
		{786BF250-9B09-4008-99FE-CB60887057EC}.Debug|Any CPU.ActiveCfg = Debug|Any CPU
		{786BF250-9B09-4008-99FE-CB60887057EC}.Debug|Any CPU.Build.0 = Debug|Any CPU
		{786BF250-9B09-4008-99FE-CB60887057EC}.Debug|x64.ActiveCfg = Debug|Any CPU
		{786BF250-9B09-4008-99FE-CB60887057EC}.Debug|x64.Build.0 = Debug|Any CPU
		{786BF250-9B09-4008-99FE-CB60887057EC}.Debug|x86.ActiveCfg = Debug|Any CPU
		{786BF250-9B09-4008-99FE-CB60887057EC}.Debug|x86.Build.0 = Debug|Any CPU
		{786BF250-9B09-4008-99FE-CB60887057EC}.Release|Any CPU.ActiveCfg = Release|Any CPU
		{786BF250-9B09-4008-99FE-CB60887057EC}.Release|Any CPU.Build.0 = Release|Any CPU
		{786BF250-9B09-4008-99FE-CB60887057EC}.Release|x64.ActiveCfg = Release|Any CPU
		{786BF250-9B09-4008-99FE-CB60887057EC}.Release|x64.Build.0 = Release|Any CPU
		{786BF250-9B09-4008-99FE-CB60887057EC}.Release|x86.ActiveCfg = Release|Any CPU
		{786BF250-9B09-4008-99FE-CB60887057EC}.Release|x86.Build.0 = Release|Any CPU
		{F124B648-5F2D-418D-8C46-FC494AD6E21B}.Debug|Any CPU.ActiveCfg = Debug|Any CPU
		{F124B648-5F2D-418D-8C46-FC494AD6E21B}.Debug|Any CPU.Build.0 = Debug|Any CPU
		{F124B648-5F2D-418D-8C46-FC494AD6E21B}.Debug|x64.ActiveCfg = Debug|Any CPU
		{F124B648-5F2D-418D-8C46-FC494AD6E21B}.Debug|x64.Build.0 = Debug|Any CPU
		{F124B648-5F2D-418D-8C46-FC494AD6E21B}.Debug|x86.ActiveCfg = Debug|Any CPU
		{F124B648-5F2D-418D-8C46-FC494AD6E21B}.Debug|x86.Build.0 = Debug|Any CPU
		{F124B648-5F2D-418D-8C46-FC494AD6E21B}.Release|Any CPU.ActiveCfg = Release|Any CPU
		{F124B648-5F2D-418D-8C46-FC494AD6E21B}.Release|Any CPU.Build.0 = Release|Any CPU
		{F124B648-5F2D-418D-8C46-FC494AD6E21B}.Release|x64.ActiveCfg = Release|Any CPU
		{F124B648-5F2D-418D-8C46-FC494AD6E21B}.Release|x64.Build.0 = Release|Any CPU
		{F124B648-5F2D-418D-8C46-FC494AD6E21B}.Release|x86.ActiveCfg = Release|Any CPU
		{F124B648-5F2D-418D-8C46-FC494AD6E21B}.Release|x86.Build.0 = Release|Any CPU
		{EDB8DB14-1E59-4F17-B56D-12CC4F0F071F}.Debug|Any CPU.ActiveCfg = Debug|Any CPU
		{EDB8DB14-1E59-4F17-B56D-12CC4F0F071F}.Debug|Any CPU.Build.0 = Debug|Any CPU
		{EDB8DB14-1E59-4F17-B56D-12CC4F0F071F}.Debug|x64.ActiveCfg = Debug|Any CPU
		{EDB8DB14-1E59-4F17-B56D-12CC4F0F071F}.Debug|x64.Build.0 = Debug|Any CPU
		{EDB8DB14-1E59-4F17-B56D-12CC4F0F071F}.Debug|x86.ActiveCfg = Debug|Any CPU
		{EDB8DB14-1E59-4F17-B56D-12CC4F0F071F}.Debug|x86.Build.0 = Debug|Any CPU
		{EDB8DB14-1E59-4F17-B56D-12CC4F0F071F}.Release|Any CPU.ActiveCfg = Release|Any CPU
		{EDB8DB14-1E59-4F17-B56D-12CC4F0F071F}.Release|Any CPU.Build.0 = Release|Any CPU
		{EDB8DB14-1E59-4F17-B56D-12CC4F0F071F}.Release|x64.ActiveCfg = Release|Any CPU
		{EDB8DB14-1E59-4F17-B56D-12CC4F0F071F}.Release|x64.Build.0 = Release|Any CPU
		{EDB8DB14-1E59-4F17-B56D-12CC4F0F071F}.Release|x86.ActiveCfg = Release|Any CPU
		{EDB8DB14-1E59-4F17-B56D-12CC4F0F071F}.Release|x86.Build.0 = Release|Any CPU
	EndGlobalSection
	GlobalSection(SolutionProperties) = preSolution
		HideSolutionNode = FALSE
	EndGlobalSection
	GlobalSection(ExtensibilityGlobals) = postSolution
		SolutionGuid = {0B4BBEDA-A4D8-468D-BA73-298A7BD866FB}
	EndGlobalSection
EndGlobal
